
Microsoft Visual Studio Solution File, Format Version 12.00
# Visual Studio 14
VisualStudioVersion = 14.0.25420.1
MinimumVisualStudioVersion = 10.0.40219.1
Project("{FAE04EC0-301F-11D3-BF4B-00C04F79EFBC}") = "TestRSSReader", "TestRSSReader\TestRSSReader\TestRSSReader.csproj", "{2FDA82D6-9D21-476C-8522-AD31E0D4FDE6}"
EndProject
Project("{FAE04EC0-301F-11D3-BF4B-00C04F79EFBC}") = "TestRSSReaderNew.Droid", "Droid\TestRSSReaderNew.Droid.csproj", "{C579FB9A-C78B-4688-AF47-D3A72AD8C94F}"
EndProject
Project("{9344BDBB-3E7F-41FC-A0DD-8665D75EE146}") = "TestRSSReader.iOS", "TestRSSReader\TestRSSReader.iOS\TestRSSReader.iOS.csproj", "{0313D5E3-EFEF-4DC2-972A-C667C7D4C1F8}"
EndProject
Global
	GlobalSection(SolutionConfigurationPlatforms) = preSolution
		Ad-Hoc|Any CPU = Ad-Hoc|Any CPU
		Ad-Hoc|ARM = Ad-Hoc|ARM
		Ad-Hoc|iPhone = Ad-Hoc|iPhone
		Ad-Hoc|iPhoneSimulator = Ad-Hoc|iPhoneSimulator
		Ad-Hoc|x64 = Ad-Hoc|x64
		Ad-Hoc|x86 = Ad-Hoc|x86
		AppStore|Any CPU = AppStore|Any CPU
		AppStore|ARM = AppStore|ARM
		AppStore|iPhone = AppStore|iPhone
		AppStore|iPhoneSimulator = AppStore|iPhoneSimulator
		AppStore|x64 = AppStore|x64
		AppStore|x86 = AppStore|x86
		Debug|Any CPU = Debug|Any CPU
		Debug|ARM = Debug|ARM
		Debug|iPhone = Debug|iPhone
		Debug|iPhoneSimulator = Debug|iPhoneSimulator
		Debug|x64 = Debug|x64
		Debug|x86 = Debug|x86
		Release|Any CPU = Release|Any CPU
		Release|ARM = Release|ARM
		Release|iPhone = Release|iPhone
		Release|iPhoneSimulator = Release|iPhoneSimulator
		Release|x64 = Release|x64
		Release|x86 = Release|x86
	EndGlobalSection
	GlobalSection(ProjectConfigurationPlatforms) = postSolution
		{2FDA82D6-9D21-476C-8522-AD31E0D4FDE6}.Ad-Hoc|Any CPU.ActiveCfg = Release|Any CPU
		{2FDA82D6-9D21-476C-8522-AD31E0D4FDE6}.Ad-Hoc|Any CPU.Build.0 = Release|Any CPU
		{2FDA82D6-9D21-476C-8522-AD31E0D4FDE6}.Ad-Hoc|ARM.ActiveCfg = Release|Any CPU
		{2FDA82D6-9D21-476C-8522-AD31E0D4FDE6}.Ad-Hoc|ARM.Build.0 = Release|Any CPU
		{2FDA82D6-9D21-476C-8522-AD31E0D4FDE6}.Ad-Hoc|iPhone.ActiveCfg = Release|Any CPU
		{2FDA82D6-9D21-476C-8522-AD31E0D4FDE6}.Ad-Hoc|iPhone.Build.0 = Release|Any CPU
		{2FDA82D6-9D21-476C-8522-AD31E0D4FDE6}.Ad-Hoc|iPhoneSimulator.ActiveCfg = Release|Any CPU
		{2FDA82D6-9D21-476C-8522-AD31E0D4FDE6}.Ad-Hoc|iPhoneSimulator.Build.0 = Release|Any CPU
		{2FDA82D6-9D21-476C-8522-AD31E0D4FDE6}.Ad-Hoc|x64.ActiveCfg = Release|Any CPU
		{2FDA82D6-9D21-476C-8522-AD31E0D4FDE6}.Ad-Hoc|x64.Build.0 = Release|Any CPU
		{2FDA82D6-9D21-476C-8522-AD31E0D4FDE6}.Ad-Hoc|x86.ActiveCfg = Release|Any CPU
		{2FDA82D6-9D21-476C-8522-AD31E0D4FDE6}.Ad-Hoc|x86.Build.0 = Release|Any CPU
		{2FDA82D6-9D21-476C-8522-AD31E0D4FDE6}.AppStore|Any CPU.ActiveCfg = Release|Any CPU
		{2FDA82D6-9D21-476C-8522-AD31E0D4FDE6}.AppStore|Any CPU.Build.0 = Release|Any CPU
		{2FDA82D6-9D21-476C-8522-AD31E0D4FDE6}.AppStore|ARM.ActiveCfg = Release|Any CPU
		{2FDA82D6-9D21-476C-8522-AD31E0D4FDE6}.AppStore|ARM.Build.0 = Release|Any CPU
		{2FDA82D6-9D21-476C-8522-AD31E0D4FDE6}.AppStore|iPhone.ActiveCfg = Release|Any CPU
		{2FDA82D6-9D21-476C-8522-AD31E0D4FDE6}.AppStore|iPhone.Build.0 = Release|Any CPU
		{2FDA82D6-9D21-476C-8522-AD31E0D4FDE6}.AppStore|iPhoneSimulator.ActiveCfg = Release|Any CPU
		{2FDA82D6-9D21-476C-8522-AD31E0D4FDE6}.AppStore|iPhoneSimulator.Build.0 = Release|Any CPU
		{2FDA82D6-9D21-476C-8522-AD31E0D4FDE6}.AppStore|x64.ActiveCfg = Release|Any CPU
		{2FDA82D6-9D21-476C-8522-AD31E0D4FDE6}.AppStore|x64.Build.0 = Release|Any CPU
		{2FDA82D6-9D21-476C-8522-AD31E0D4FDE6}.AppStore|x86.ActiveCfg = Release|Any CPU
		{2FDA82D6-9D21-476C-8522-AD31E0D4FDE6}.AppStore|x86.Build.0 = Release|Any CPU
		{2FDA82D6-9D21-476C-8522-AD31E0D4FDE6}.Debug|Any CPU.ActiveCfg = Debug|Any CPU
		{2FDA82D6-9D21-476C-8522-AD31E0D4FDE6}.Debug|Any CPU.Build.0 = Debug|Any CPU
		{2FDA82D6-9D21-476C-8522-AD31E0D4FDE6}.Debug|ARM.ActiveCfg = Debug|Any CPU
		{2FDA82D6-9D21-476C-8522-AD31E0D4FDE6}.Debug|ARM.Build.0 = Debug|Any CPU
		{2FDA82D6-9D21-476C-8522-AD31E0D4FDE6}.Debug|iPhone.ActiveCfg = Debug|Any CPU
		{2FDA82D6-9D21-476C-8522-AD31E0D4FDE6}.Debug|iPhone.Build.0 = Debug|Any CPU
		{2FDA82D6-9D21-476C-8522-AD31E0D4FDE6}.Debug|iPhoneSimulator.ActiveCfg = Debug|Any CPU
		{2FDA82D6-9D21-476C-8522-AD31E0D4FDE6}.Debug|iPhoneSimulator.Build.0 = Debug|Any CPU
		{2FDA82D6-9D21-476C-8522-AD31E0D4FDE6}.Debug|x64.ActiveCfg = Debug|Any CPU
		{2FDA82D6-9D21-476C-8522-AD31E0D4FDE6}.Debug|x64.Build.0 = Debug|Any CPU
		{2FDA82D6-9D21-476C-8522-AD31E0D4FDE6}.Debug|x86.ActiveCfg = Debug|Any CPU
		{2FDA82D6-9D21-476C-8522-AD31E0D4FDE6}.Debug|x86.Build.0 = Debug|Any CPU
		{2FDA82D6-9D21-476C-8522-AD31E0D4FDE6}.Release|Any CPU.ActiveCfg = Release|Any CPU
		{2FDA82D6-9D21-476C-8522-AD31E0D4FDE6}.Release|Any CPU.Build.0 = Release|Any CPU
		{2FDA82D6-9D21-476C-8522-AD31E0D4FDE6}.Release|ARM.ActiveCfg = Release|Any CPU
		{2FDA82D6-9D21-476C-8522-AD31E0D4FDE6}.Release|ARM.Build.0 = Release|Any CPU
		{2FDA82D6-9D21-476C-8522-AD31E0D4FDE6}.Release|iPhone.ActiveCfg = Release|Any CPU
		{2FDA82D6-9D21-476C-8522-AD31E0D4FDE6}.Release|iPhone.Build.0 = Release|Any CPU
		{2FDA82D6-9D21-476C-8522-AD31E0D4FDE6}.Release|iPhoneSimulator.ActiveCfg = Release|Any CPU
		{2FDA82D6-9D21-476C-8522-AD31E0D4FDE6}.Release|iPhoneSimulator.Build.0 = Release|Any CPU
		{2FDA82D6-9D21-476C-8522-AD31E0D4FDE6}.Release|x64.ActiveCfg = Release|Any CPU
		{2FDA82D6-9D21-476C-8522-AD31E0D4FDE6}.Release|x64.Build.0 = Release|Any CPU
		{2FDA82D6-9D21-476C-8522-AD31E0D4FDE6}.Release|x86.ActiveCfg = Release|Any CPU
		{2FDA82D6-9D21-476C-8522-AD31E0D4FDE6}.Release|x86.Build.0 = Release|Any CPU
		{C579FB9A-C78B-4688-AF47-D3A72AD8C94F}.Ad-Hoc|Any CPU.ActiveCfg = Release|Any CPU
		{C579FB9A-C78B-4688-AF47-D3A72AD8C94F}.Ad-Hoc|Any CPU.Build.0 = Release|Any CPU
		{C579FB9A-C78B-4688-AF47-D3A72AD8C94F}.Ad-Hoc|ARM.ActiveCfg = Release|Any CPU
		{C579FB9A-C78B-4688-AF47-D3A72AD8C94F}.Ad-Hoc|ARM.Build.0 = Release|Any CPU
		{C579FB9A-C78B-4688-AF47-D3A72AD8C94F}.Ad-Hoc|iPhone.ActiveCfg = Release|Any CPU
		{C579FB9A-C78B-4688-AF47-D3A72AD8C94F}.Ad-Hoc|iPhone.Build.0 = Release|Any CPU
		{C579FB9A-C78B-4688-AF47-D3A72AD8C94F}.Ad-Hoc|iPhoneSimulator.ActiveCfg = Release|Any CPU
		{C579FB9A-C78B-4688-AF47-D3A72AD8C94F}.Ad-Hoc|iPhoneSimulator.Build.0 = Release|Any CPU
		{C579FB9A-C78B-4688-AF47-D3A72AD8C94F}.Ad-Hoc|x64.ActiveCfg = Release|Any CPU
		{C579FB9A-C78B-4688-AF47-D3A72AD8C94F}.Ad-Hoc|x64.Build.0 = Release|Any CPU
		{C579FB9A-C78B-4688-AF47-D3A72AD8C94F}.Ad-Hoc|x86.ActiveCfg = Release|Any CPU
		{C579FB9A-C78B-4688-AF47-D3A72AD8C94F}.Ad-Hoc|x86.Build.0 = Release|Any CPU
		{C579FB9A-C78B-4688-AF47-D3A72AD8C94F}.AppStore|Any CPU.ActiveCfg = Release|Any CPU
		{C579FB9A-C78B-4688-AF47-D3A72AD8C94F}.AppStore|Any CPU.Build.0 = Release|Any CPU
		{C579FB9A-C78B-4688-AF47-D3A72AD8C94F}.AppStore|ARM.ActiveCfg = Release|Any CPU
		{C579FB9A-C78B-4688-AF47-D3A72AD8C94F}.AppStore|ARM.Build.0 = Release|Any CPU
		{C579FB9A-C78B-4688-AF47-D3A72AD8C94F}.AppStore|iPhone.ActiveCfg = Release|Any CPU
		{C579FB9A-C78B-4688-AF47-D3A72AD8C94F}.AppStore|iPhone.Build.0 = Release|Any CPU
		{C579FB9A-C78B-4688-AF47-D3A72AD8C94F}.AppStore|iPhoneSimulator.ActiveCfg = Release|Any CPU
		{C579FB9A-C78B-4688-AF47-D3A72AD8C94F}.AppStore|iPhoneSimulator.Build.0 = Release|Any CPU
		{C579FB9A-C78B-4688-AF47-D3A72AD8C94F}.AppStore|x64.ActiveCfg = Release|Any CPU
		{C579FB9A-C78B-4688-AF47-D3A72AD8C94F}.AppStore|x64.Build.0 = Release|Any CPU
		{C579FB9A-C78B-4688-AF47-D3A72AD8C94F}.AppStore|x86.ActiveCfg = Release|Any CPU
		{C579FB9A-C78B-4688-AF47-D3A72AD8C94F}.AppStore|x86.Build.0 = Release|Any CPU
		{C579FB9A-C78B-4688-AF47-D3A72AD8C94F}.Debug|Any CPU.ActiveCfg = Debug|Any CPU
		{C579FB9A-C78B-4688-AF47-D3A72AD8C94F}.Debug|Any CPU.Build.0 = Debug|Any CPU
		{C579FB9A-C78B-4688-AF47-D3A72AD8C94F}.Debug|ARM.ActiveCfg = Debug|Any CPU
		{C579FB9A-C78B-4688-AF47-D3A72AD8C94F}.Debug|ARM.Build.0 = Debug|Any CPU
		{C579FB9A-C78B-4688-AF47-D3A72AD8C94F}.Debug|iPhone.ActiveCfg = Debug|Any CPU
		{C579FB9A-C78B-4688-AF47-D3A72AD8C94F}.Debug|iPhone.Build.0 = Debug|Any CPU
		{C579FB9A-C78B-4688-AF47-D3A72AD8C94F}.Debug|iPhoneSimulator.ActiveCfg = Debug|Any CPU
		{C579FB9A-C78B-4688-AF47-D3A72AD8C94F}.Debug|iPhoneSimulator.Build.0 = Debug|Any CPU
		{C579FB9A-C78B-4688-AF47-D3A72AD8C94F}.Debug|x64.ActiveCfg = Debug|Any CPU
		{C579FB9A-C78B-4688-AF47-D3A72AD8C94F}.Debug|x64.Build.0 = Debug|Any CPU
		{C579FB9A-C78B-4688-AF47-D3A72AD8C94F}.Debug|x86.ActiveCfg = Debug|Any CPU
		{C579FB9A-C78B-4688-AF47-D3A72AD8C94F}.Debug|x86.Build.0 = Debug|Any CPU
		{C579FB9A-C78B-4688-AF47-D3A72AD8C94F}.Release|Any CPU.ActiveCfg = Release|Any CPU
		{C579FB9A-C78B-4688-AF47-D3A72AD8C94F}.Release|Any CPU.Build.0 = Release|Any CPU
		{C579FB9A-C78B-4688-AF47-D3A72AD8C94F}.Release|ARM.ActiveCfg = Release|Any CPU
		{C579FB9A-C78B-4688-AF47-D3A72AD8C94F}.Release|ARM.Build.0 = Release|Any CPU
		{C579FB9A-C78B-4688-AF47-D3A72AD8C94F}.Release|iPhone.ActiveCfg = Release|Any CPU
		{C579FB9A-C78B-4688-AF47-D3A72AD8C94F}.Release|iPhone.Build.0 = Release|Any CPU
		{C579FB9A-C78B-4688-AF47-D3A72AD8C94F}.Release|iPhoneSimulator.ActiveCfg = Release|Any CPU
		{C579FB9A-C78B-4688-AF47-D3A72AD8C94F}.Release|iPhoneSimulator.Build.0 = Release|Any CPU
		{C579FB9A-C78B-4688-AF47-D3A72AD8C94F}.Release|x64.ActiveCfg = Release|Any CPU
		{C579FB9A-C78B-4688-AF47-D3A72AD8C94F}.Release|x64.Build.0 = Release|Any CPU
		{C579FB9A-C78B-4688-AF47-D3A72AD8C94F}.Release|x86.ActiveCfg = Release|Any CPU
		{C579FB9A-C78B-4688-AF47-D3A72AD8C94F}.Release|x86.Build.0 = Release|Any CPU
		{0313D5E3-EFEF-4DC2-972A-C667C7D4C1F8}.Ad-Hoc|Any CPU.ActiveCfg = Ad-Hoc|iPhone
		{0313D5E3-EFEF-4DC2-972A-C667C7D4C1F8}.Ad-Hoc|ARM.ActiveCfg = Ad-Hoc|iPhone
		{0313D5E3-EFEF-4DC2-972A-C667C7D4C1F8}.Ad-Hoc|iPhone.ActiveCfg = Ad-Hoc|iPhone
		{0313D5E3-EFEF-4DC2-972A-C667C7D4C1F8}.Ad-Hoc|iPhone.Build.0 = Ad-Hoc|iPhone
		{0313D5E3-EFEF-4DC2-972A-C667C7D4C1F8}.Ad-Hoc|iPhoneSimulator.ActiveCfg = Ad-Hoc|iPhoneSimulator
		{0313D5E3-EFEF-4DC2-972A-C667C7D4C1F8}.Ad-Hoc|iPhoneSimulator.Build.0 = Ad-Hoc|iPhoneSimulator
		{0313D5E3-EFEF-4DC2-972A-C667C7D4C1F8}.Ad-Hoc|x64.ActiveCfg = Ad-Hoc|iPhone
		{0313D5E3-EFEF-4DC2-972A-C667C7D4C1F8}.Ad-Hoc|x86.ActiveCfg = Ad-Hoc|iPhone
		{0313D5E3-EFEF-4DC2-972A-C667C7D4C1F8}.AppStore|Any CPU.ActiveCfg = AppStore|iPhone
		{0313D5E3-EFEF-4DC2-972A-C667C7D4C1F8}.AppStore|ARM.ActiveCfg = AppStore|iPhone
		{0313D5E3-EFEF-4DC2-972A-C667C7D4C1F8}.AppStore|iPhone.ActiveCfg = AppStore|iPhone
		{0313D5E3-EFEF-4DC2-972A-C667C7D4C1F8}.AppStore|iPhone.Build.0 = AppStore|iPhone
		{0313D5E3-EFEF-4DC2-972A-C667C7D4C1F8}.AppStore|iPhoneSimulator.ActiveCfg = AppStore|iPhoneSimulator
		{0313D5E3-EFEF-4DC2-972A-C667C7D4C1F8}.AppStore|iPhoneSimulator.Build.0 = AppStore|iPhoneSimulator
		{0313D5E3-EFEF-4DC2-972A-C667C7D4C1F8}.AppStore|x64.ActiveCfg = AppStore|iPhone
		{0313D5E3-EFEF-4DC2-972A-C667C7D4C1F8}.AppStore|x86.ActiveCfg = AppStore|iPhone
		{0313D5E3-EFEF-4DC2-972A-C667C7D4C1F8}.Debug|Any CPU.ActiveCfg = Debug|iPhone
		{0313D5E3-EFEF-4DC2-972A-C667C7D4C1F8}.Debug|ARM.ActiveCfg = Debug|iPhone
		{0313D5E3-EFEF-4DC2-972A-C667C7D4C1F8}.Debug|iPhone.ActiveCfg = Debug|iPhone
		{0313D5E3-EFEF-4DC2-972A-C667C7D4C1F8}.Debug|iPhone.Build.0 = Debug|iPhone
		{0313D5E3-EFEF-4DC2-972A-C667C7D4C1F8}.Debug|iPhoneSimulator.ActiveCfg = Debug|iPhoneSimulator
		{0313D5E3-EFEF-4DC2-972A-C667C7D4C1F8}.Debug|iPhoneSimulator.Build.0 = Debug|iPhoneSimulator
		{0313D5E3-EFEF-4DC2-972A-C667C7D4C1F8}.Debug|x64.ActiveCfg = Debug|iPhone
		{0313D5E3-EFEF-4DC2-972A-C667C7D4C1F8}.Debug|x86.ActiveCfg = Debug|iPhone
		{0313D5E3-EFEF-4DC2-972A-C667C7D4C1F8}.Release|Any CPU.ActiveCfg = Release|iPhone
		{0313D5E3-EFEF-4DC2-972A-C667C7D4C1F8}.Release|ARM.ActiveCfg = Release|iPhone
		{0313D5E3-EFEF-4DC2-972A-C667C7D4C1F8}.Release|iPhone.ActiveCfg = Release|iPhone
		{0313D5E3-EFEF-4DC2-972A-C667C7D4C1F8}.Release|iPhone.Build.0 = Release|iPhone
		{0313D5E3-EFEF-4DC2-972A-C667C7D4C1F8}.Release|iPhoneSimulator.ActiveCfg = Release|iPhoneSimulator
		{0313D5E3-EFEF-4DC2-972A-C667C7D4C1F8}.Release|iPhoneSimulator.Build.0 = Release|iPhoneSimulator
		{0313D5E3-EFEF-4DC2-972A-C667C7D4C1F8}.Release|x64.ActiveCfg = Release|iPhone
		{0313D5E3-EFEF-4DC2-972A-C667C7D4C1F8}.Release|x86.ActiveCfg = Release|iPhone
	EndGlobalSection
	GlobalSection(SolutionProperties) = preSolution
		HideSolutionNode = FALSE
	EndGlobalSection
EndGlobal
