
Microsoft Visual Studio Solution File, Format Version 12.00
# Visual Studio 15
VisualStudioVersion = 15.0.26403.7
MinimumVisualStudioVersion = 10.0.40219.1
Project("{FAE04EC0-301F-11D3-BF4B-00C04F79EFBC}") = "Nuubit.SDK", "nuuBIT.SDK\nuuBIT.SDK\Nuubit.SDK.csproj", "{816CFFED-E4B4-43F0-9F2C-199492FC58AC}"
EndProject
Project("{FAE04EC0-301F-11D3-BF4B-00C04F79EFBC}") = "Nuubit.SDK.Droid", "Nuubit.SDK.Android\AndroidBindingLibrary\Nuubit.SDK.Droid.csproj", "{EDE5B85F-AED0-4355-A85F-6F711609C0E7}"
EndProject
Project("{FAE04EC0-301F-11D3-BF4B-00C04F79EFBC}") = "Nuubit.SDK.iOS", "Nuubit.SDK.iOS\RevSDK\RevSDK\Nuubit.SDK.iOS.csproj", "{9D5542E6-254A-4470-ACAA-3D686F682070}"
EndProject
Global
	GlobalSection(SolutionConfigurationPlatforms) = preSolution
		Debug|Any CPU = Debug|Any CPU
		Release|Any CPU = Release|Any CPU
	EndGlobalSection
	GlobalSection(ProjectConfigurationPlatforms) = postSolution
		{816CFFED-E4B4-43F0-9F2C-199492FC58AC}.Debug|Any CPU.ActiveCfg = Debug|Any CPU
		{816CFFED-E4B4-43F0-9F2C-199492FC58AC}.Debug|Any CPU.Build.0 = Debug|Any CPU
		{816CFFED-E4B4-43F0-9F2C-199492FC58AC}.Release|Any CPU.ActiveCfg = Release|Any CPU
		{816CFFED-E4B4-43F0-9F2C-199492FC58AC}.Release|Any CPU.Build.0 = Release|Any CPU
		{EDE5B85F-AED0-4355-A85F-6F711609C0E7}.Debug|Any CPU.ActiveCfg = Debug|Any CPU
		{EDE5B85F-AED0-4355-A85F-6F711609C0E7}.Debug|Any CPU.Build.0 = Debug|Any CPU
		{EDE5B85F-AED0-4355-A85F-6F711609C0E7}.Release|Any CPU.ActiveCfg = Release|Any CPU
		{EDE5B85F-AED0-4355-A85F-6F711609C0E7}.Release|Any CPU.Build.0 = Release|Any CPU
		{9D5542E6-254A-4470-ACAA-3D686F682070}.Debug|Any CPU.ActiveCfg = Debug|Any CPU
		{9D5542E6-254A-4470-ACAA-3D686F682070}.Debug|Any CPU.Build.0 = Debug|Any CPU
		{9D5542E6-254A-4470-ACAA-3D686F682070}.Release|Any CPU.ActiveCfg = Release|Any CPU
		{9D5542E6-254A-4470-ACAA-3D686F682070}.Release|Any CPU.Build.0 = Release|Any CPU
	EndGlobalSection
	GlobalSection(SolutionProperties) = preSolution
		HideSolutionNode = FALSE
	EndGlobalSection
EndGlobal
